
Microsoft Visual Studio Solution File, Format Version 12.00
# Visual Studio Version 16
VisualStudioVersion = 16.0.30717.126
MinimumVisualStudioVersion = 10.0.40219.1
Project("{9A19103F-16F7-4668-BE54-9A1E7A4F7556}") = "2DArrays-DS", "2DArrays-DS\2DArrays-DS.csproj", "{0E745DD0-A969-4E1D-A748-DE6282514378}"
EndProject
Project("{9A19103F-16F7-4668-BE54-9A1E7A4F7556}") = "LeftRotation", "LeftRotation\LeftRotation.csproj", "{A8692029-956B-4032-A2A5-DFF0E783EB10}"
EndProject
Project("{9A19103F-16F7-4668-BE54-9A1E7A4F7556}") = "NewYearChaos", "NewYearChaos\NewYearChaos.csproj", "{A80CD337-D3FE-43A8-A8DD-519492BF430B}"
EndProject
Project("{9A19103F-16F7-4668-BE54-9A1E7A4F7556}") = "minimumSwaps2", "minimumSwaps2\minimumSwaps2.csproj", "{A560B365-DF7D-486A-8AC3-2A44ED6BE1B9}"
EndProject
Project("{FAE04EC0-301F-11D3-BF4B-00C04F79EFBC}") = "ArrayManipulation", "ArrayManipulation\ArrayManipulation.csproj", "{94DC16D4-4ABF-48FB-A872-50677BAD3B6B}"
EndProject
Global
	GlobalSection(SolutionConfigurationPlatforms) = preSolution
		Debug|Any CPU = Debug|Any CPU
		Release|Any CPU = Release|Any CPU
	EndGlobalSection
	GlobalSection(ProjectConfigurationPlatforms) = postSolution
		{0E745DD0-A969-4E1D-A748-DE6282514378}.Debug|Any CPU.ActiveCfg = Debug|Any CPU
		{0E745DD0-A969-4E1D-A748-DE6282514378}.Debug|Any CPU.Build.0 = Debug|Any CPU
		{0E745DD0-A969-4E1D-A748-DE6282514378}.Release|Any CPU.ActiveCfg = Release|Any CPU
		{0E745DD0-A969-4E1D-A748-DE6282514378}.Release|Any CPU.Build.0 = Release|Any CPU
		{A8692029-956B-4032-A2A5-DFF0E783EB10}.Debug|Any CPU.ActiveCfg = Debug|Any CPU
		{A8692029-956B-4032-A2A5-DFF0E783EB10}.Debug|Any CPU.Build.0 = Debug|Any CPU
		{A8692029-956B-4032-A2A5-DFF0E783EB10}.Release|Any CPU.ActiveCfg = Release|Any CPU
		{A8692029-956B-4032-A2A5-DFF0E783EB10}.Release|Any CPU.Build.0 = Release|Any CPU
		{A80CD337-D3FE-43A8-A8DD-519492BF430B}.Debug|Any CPU.ActiveCfg = Debug|Any CPU
		{A80CD337-D3FE-43A8-A8DD-519492BF430B}.Debug|Any CPU.Build.0 = Debug|Any CPU
		{A80CD337-D3FE-43A8-A8DD-519492BF430B}.Release|Any CPU.ActiveCfg = Release|Any CPU
		{A80CD337-D3FE-43A8-A8DD-519492BF430B}.Release|Any CPU.Build.0 = Release|Any CPU
		{A560B365-DF7D-486A-8AC3-2A44ED6BE1B9}.Debug|Any CPU.ActiveCfg = Debug|Any CPU
		{A560B365-DF7D-486A-8AC3-2A44ED6BE1B9}.Debug|Any CPU.Build.0 = Debug|Any CPU
		{A560B365-DF7D-486A-8AC3-2A44ED6BE1B9}.Release|Any CPU.ActiveCfg = Release|Any CPU
		{A560B365-DF7D-486A-8AC3-2A44ED6BE1B9}.Release|Any CPU.Build.0 = Release|Any CPU
		{94DC16D4-4ABF-48FB-A872-50677BAD3B6B}.Debug|Any CPU.ActiveCfg = Debug|Any CPU
		{94DC16D4-4ABF-48FB-A872-50677BAD3B6B}.Debug|Any CPU.Build.0 = Debug|Any CPU
		{94DC16D4-4ABF-48FB-A872-50677BAD3B6B}.Release|Any CPU.ActiveCfg = Release|Any CPU
		{94DC16D4-4ABF-48FB-A872-50677BAD3B6B}.Release|Any CPU.Build.0 = Release|Any CPU
	EndGlobalSection
	GlobalSection(SolutionProperties) = preSolution
		HideSolutionNode = FALSE
	EndGlobalSection
	GlobalSection(ExtensibilityGlobals) = postSolution
		SolutionGuid = {2CEB7D87-6A00-4836-ABF1-92C183000ECC}
	EndGlobalSection
EndGlobal
